
Microsoft Visual Studio Solution File, Format Version 12.00
# Visual Studio Version 17
VisualStudioVersion = 17.3.32929.385
MinimumVisualStudioVersion = 10.0.40219.1
Project("{FAE04EC0-301F-11D3-BF4B-00C04F79EFBC}") = "WpfApp1", "WpfApp1\WpfApp1.csproj", "{9CDCB9A9-5803-4571-A81C-568F704BDEAD}"
EndProject
Global
	GlobalSection(SolutionConfigurationPlatforms) = preSolution
		Debug|Any CPU = Debug|Any CPU
		Release|Any CPU = Release|Any CPU
	EndGlobalSection
	GlobalSection(ProjectConfigurationPlatforms) = postSolution
		{9CDCB9A9-5803-4571-A81C-568F704BDEAD}.Debug|Any CPU.ActiveCfg = Debug|Any CPU
		{9CDCB9A9-5803-4571-A81C-568F704BDEAD}.Debug|Any CPU.Build.0 = Debug|Any CPU
		{9CDCB9A9-5803-4571-A81C-568F704BDEAD}.Release|Any CPU.ActiveCfg = Release|Any CPU
		{9CDCB9A9-5803-4571-A81C-568F704BDEAD}.Release|Any CPU.Build.0 = Release|Any CPU
	EndGlobalSection
	GlobalSection(SolutionProperties) = preSolution
		HideSolutionNode = FALSE
	EndGlobalSection
	GlobalSection(ExtensibilityGlobals) = postSolution
		SolutionGuid = {3A0C92A5-E3A0-4B6A-A0AB-8D3CC1B054E2}
	EndGlobalSection
EndGlobal
